Microsoft Visual Studio Solution File, Format Version 12.00
# Visual Studio Version 17
VisualStudioVersion = 17.5.2.0
MinimumVisualStudioVersion = 10.0.40219.1
Project("{FAE04EC0-301F-11D3-BF4B-00C04F79EFBC}") = "ProjetoAulas", "ProjetoAulas.csproj", "{40DCFECD-2CAC-B5EA-EA0E-63D46B249F09}"
EndProject
Global
	GlobalSection(SolutionConfigurationPlatforms) = preSolution
		Debug|Any CPU = Debug|Any CPU
		Release|Any CPU = Release|Any CPU
	EndGlobalSection
	GlobalSection(ProjectConfigurationPlatforms) = postSolution
		{40DCFECD-2CAC-B5EA-EA0E-63D46B249F09}.Debug|Any CPU.ActiveCfg = Debug|Any CPU
		{40DCFECD-2CAC-B5EA-EA0E-63D46B249F09}.Debug|Any CPU.Build.0 = Debug|Any CPU
		{40DCFECD-2CAC-B5EA-EA0E-63D46B249F09}.Release|Any CPU.ActiveCfg = Release|Any CPU
		{40DCFECD-2CAC-B5EA-EA0E-63D46B249F09}.Release|Any CPU.Build.0 = Release|Any CPU
	EndGlobalSection
	GlobalSection(SolutionProperties) = preSolution
		HideSolutionNode = FALSE
	EndGlobalSection
	GlobalSection(ExtensibilityGlobals) = postSolution
		SolutionGuid = {BCEA3E68-D274-4A45-B25B-70A2E641B953}
	EndGlobalSection
EndGlobal
